
Microsoft Visual Studio Solution File, Format Version 12.00
# Visual Studio 15
VisualStudioVersion = 15.0.26730.12
MinimumVisualStudioVersion = 10.0.40219.1
Project("{FAE04EC0-301F-11D3-BF4B-00C04F79EFBC}") = "CognitiveLocatorDAL", "..\CognitiveLocator.DAL\CognitiveLocatorDAL.csproj", "{0D0E64DB-426E-4ACA-AF43-AF82346B059B}"
EndProject
Global
	GlobalSection(SolutionConfigurationPlatforms) = preSolution
		Debug|Any CPU = Debug|Any CPU
		Release|Any CPU = Release|Any CPU
	EndGlobalSection
	GlobalSection(ProjectConfigurationPlatforms) = postSolution
		{0D0E64DB-426E-4ACA-AF43-AF82346B059B}.Debug|Any CPU.ActiveCfg = Debug|Any CPU
		{0D0E64DB-426E-4ACA-AF43-AF82346B059B}.Debug|Any CPU.Build.0 = Debug|Any CPU
		{0D0E64DB-426E-4ACA-AF43-AF82346B059B}.Release|Any CPU.ActiveCfg = Release|Any CPU
		{0D0E64DB-426E-4ACA-AF43-AF82346B059B}.Release|Any CPU.Build.0 = Release|Any CPU
	EndGlobalSection
	GlobalSection(SolutionProperties) = preSolution
		HideSolutionNode = FALSE
	EndGlobalSection
	GlobalSection(ExtensibilityGlobals) = postSolution
		SolutionGuid = {22FF1A98-8959-4D88-9026-754F506EB8C2}
	EndGlobalSection
EndGlobal
