Microsoft Visual Studio Solution File, Format Version 12.00
# Visual Studio 15
VisualStudioVersion = 15.0.26730.16
MinimumVisualStudioVersion = 10.0.40219.1
Project("{FAE04EC0-301F-11D3-BF4B-00C04F79EFBC}") = "CognitiveLocator.Functions.Console", "..\CognitiveLocator.Functions.Console\CognitiveLocator.Functions.Console.csproj", "{8C0120F6-3C92-469C-B436-D1AA31075BCB}"
EndProject
Project("{9A19103F-16F7-4668-BE54-9A1E7A4F7556}") = "CognitiveLocator.Functions", "..\CognitiveLocator.Functions\CognitiveLocator.Functions.csproj", "{0E141C3E-660F-40AF-B735-F2A0BFAEC40D}"
EndProject
Project("{FAE04EC0-301F-11D3-BF4B-00C04F79EFBC}") = "CognitiveLocator.Domain", "..\CognitiveLocator.Domain\CognitiveLocator.Domain.csproj", "{ABBE65DE-9728-4B00-BC5B-0C6E342AA8F4}"
EndProject
Global
	GlobalSection(SolutionConfigurationPlatforms) = preSolution
		Debug|Any CPU = Debug|Any CPU
		Release|Any CPU = Release|Any CPU
	EndGlobalSection
	GlobalSection(ProjectConfigurationPlatforms) = postSolution
		{8C0120F6-3C92-469C-B436-D1AA31075BCB}.Debug|Any CPU.ActiveCfg = Debug|Any CPU
		{8C0120F6-3C92-469C-B436-D1AA31075BCB}.Debug|Any CPU.Build.0 = Debug|Any CPU
		{8C0120F6-3C92-469C-B436-D1AA31075BCB}.Release|Any CPU.ActiveCfg = Release|Any CPU
		{8C0120F6-3C92-469C-B436-D1AA31075BCB}.Release|Any CPU.Build.0 = Release|Any CPU
		{0E141C3E-660F-40AF-B735-F2A0BFAEC40D}.Debug|Any CPU.ActiveCfg = Debug|Any CPU
		{0E141C3E-660F-40AF-B735-F2A0BFAEC40D}.Debug|Any CPU.Build.0 = Debug|Any CPU
		{0E141C3E-660F-40AF-B735-F2A0BFAEC40D}.Release|Any CPU.ActiveCfg = Release|Any CPU
		{0E141C3E-660F-40AF-B735-F2A0BFAEC40D}.Release|Any CPU.Build.0 = Release|Any CPU
		{ABBE65DE-9728-4B00-BC5B-0C6E342AA8F4}.Debug|Any CPU.ActiveCfg = Debug|Any CPU
		{ABBE65DE-9728-4B00-BC5B-0C6E342AA8F4}.Debug|Any CPU.Build.0 = Debug|Any CPU
		{ABBE65DE-9728-4B00-BC5B-0C6E342AA8F4}.Release|Any CPU.ActiveCfg = Release|Any CPU
		{ABBE65DE-9728-4B00-BC5B-0C6E342AA8F4}.Release|Any CPU.Build.0 = Release|Any CPU
	EndGlobalSection
	GlobalSection(SolutionProperties) = preSolution
		HideSolutionNode = FALSE
	EndGlobalSection
	GlobalSection(ExtensibilityGlobals) = postSolution
		SolutionGuid = {388FD4C6-B237-4653-A1C5-615BA3CB47C7}
	EndGlobalSection
EndGlobal
