
Microsoft Visual Studio Solution File, Format Version 12.00
# Visual Studio 14
VisualStudioVersion = 14.0.25420.1
MinimumVisualStudioVersion = 10.0.40219.1
Project("{FAE04EC0-301F-11D3-BF4B-00C04F79EFBC}") = "CognitiveLocatorDAL", "..\CognitiveLocator.DAL\CognitiveLocatorDAL.csproj", "{0D0E64DB-426E-4ACA-AF43-AF82346B059B}"
EndProject
Project("{00D1A9C2-B5F0-4AF3-8072-F6C62B433612}") = "CognitiveLocatorDB", "..\CognitiveLocator.DB\CognitiveLocatorDB.sqlproj", "{92FCAE60-6288-4443-A5DF-DF84C3BD8B74}"
EndProject
Global
	GlobalSection(SolutionConfigurationPlatforms) = preSolution
		Debug|Any CPU = Debug|Any CPU
		Release|Any CPU = Release|Any CPU
	EndGlobalSection
	GlobalSection(ProjectConfigurationPlatforms) = postSolution
		{0D0E64DB-426E-4ACA-AF43-AF82346B059B}.Debug|Any CPU.ActiveCfg = Debug|Any CPU
		{0D0E64DB-426E-4ACA-AF43-AF82346B059B}.Debug|Any CPU.Build.0 = Debug|Any CPU
		{0D0E64DB-426E-4ACA-AF43-AF82346B059B}.Release|Any CPU.ActiveCfg = Release|Any CPU
		{0D0E64DB-426E-4ACA-AF43-AF82346B059B}.Release|Any CPU.Build.0 = Release|Any CPU
		{92FCAE60-6288-4443-A5DF-DF84C3BD8B74}.Debug|Any CPU.ActiveCfg = Debug|Any CPU
		{92FCAE60-6288-4443-A5DF-DF84C3BD8B74}.Debug|Any CPU.Build.0 = Debug|Any CPU
		{92FCAE60-6288-4443-A5DF-DF84C3BD8B74}.Debug|Any CPU.Deploy.0 = Debug|Any CPU
		{92FCAE60-6288-4443-A5DF-DF84C3BD8B74}.Release|Any CPU.ActiveCfg = Release|Any CPU
		{92FCAE60-6288-4443-A5DF-DF84C3BD8B74}.Release|Any CPU.Build.0 = Release|Any CPU
		{92FCAE60-6288-4443-A5DF-DF84C3BD8B74}.Release|Any CPU.Deploy.0 = Release|Any CPU
	EndGlobalSection
	GlobalSection(SolutionProperties) = preSolution
		HideSolutionNode = FALSE
	EndGlobalSection
	GlobalSection(ExtensibilityGlobals) = postSolution
		SolutionGuid = {22FF1A98-8959-4D88-9026-754F506EB8C2}
	EndGlobalSection
EndGlobal
